
Microsoft Visual Studio Solution File, Format Version 12.00
# Visual Studio Version 17
VisualStudioVersion = 17.14.37411.7
MinimumVisualStudioVersion = 10.0.40219.1
Project("{FAE04EC0-301F-11D3-BF4B-00C04F79EFBC}") = "CodeGeneratorGUI", "CodeGeneratorGUI\CodeGeneratorGUI.csproj", "{B92E0049-FF50-41C4-BDC2-7DDE50847862}"
EndProject
Project("{FAE04EC0-301F-11D3-BF4B-00C04F79EFBC}") = "CodeGeneratorBL", "CodeGeneratorBL\CodeGeneratorBL.csproj", "{8A0177AE-772A-4897-B85F-66CA67890E6C}"
EndProject
Project("{FAE04EC0-301F-11D3-BF4B-00C04F79EFBC}") = "SaveLoadSystemBL", "SaveLoadSystemBL\SaveLoadSystemBL.csproj", "{46C078E8-DCCA-4389-9D81-79C0D4FF5B74}"
EndProject
Global
	GlobalSection(SolutionConfigurationPlatforms) = preSolution
		Debug|Any CPU = Debug|Any CPU
		Release|Any CPU = Release|Any CPU
	EndGlobalSection
	GlobalSection(ProjectConfigurationPlatforms) = postSolution
		{B92E0049-FF50-41C4-BDC2-7DDE50847862}.Debug|Any CPU.ActiveCfg = Debug|Any CPU
		{B92E0049-FF50-41C4-BDC2-7DDE50847862}.Debug|Any CPU.Build.0 = Debug|Any CPU
		{B92E0049-FF50-41C4-BDC2-7DDE50847862}.Release|Any CPU.ActiveCfg = Release|Any CPU
		{B92E0049-FF50-41C4-BDC2-7DDE50847862}.Release|Any CPU.Build.0 = Release|Any CPU
		{8A0177AE-772A-4897-B85F-66CA67890E6C}.Debug|Any CPU.ActiveCfg = Debug|Any CPU
		{8A0177AE-772A-4897-B85F-66CA67890E6C}.Debug|Any CPU.Build.0 = Debug|Any CPU
		{8A0177AE-772A-4897-B85F-66CA67890E6C}.Release|Any CPU.ActiveCfg = Release|Any CPU
		{8A0177AE-772A-4897-B85F-66CA67890E6C}.Release|Any CPU.Build.0 = Release|Any CPU
		{46C078E8-DCCA-4389-9D81-79C0D4FF5B74}.Debug|Any CPU.ActiveCfg = Debug|Any CPU
		{46C078E8-DCCA-4389-9D81-79C0D4FF5B74}.Debug|Any CPU.Build.0 = Debug|Any CPU
		{46C078E8-DCCA-4389-9D81-79C0D4FF5B74}.Release|Any CPU.ActiveCfg = Release|Any CPU
		{46C078E8-DCCA-4389-9D81-79C0D4FF5B74}.Release|Any CPU.Build.0 = Release|Any CPU
	EndGlobalSection
	GlobalSection(SolutionProperties) = preSolution
		HideSolutionNode = FALSE
	EndGlobalSection
	GlobalSection(ExtensibilityGlobals) = postSolution
		SolutionGuid = {D4517408-FC60-45A6-9473-5AF8D5CDF328}
	EndGlobalSection
EndGlobal
